// !$*UTF8*$!
{
	archiveVersion = 1;
	classes = {
	};
	objectVersion = 77;
	objects = {

/* Begin PBXContainerItemProxy section */
		D651DF092D21BB2C00C078A7 /* PBXContainerItemProxy */ = {
			isa = PBXContainerItemProxy;
			containerPortal = D651DEF02D21BB2900C078A7 /* Project object */;
			proxyType = 1;
			remoteGlobalIDString = D651DEF72D21BB2900C078A7;
			remoteInfo = NikolaosZoidis;
		};
		D651DF132D21BB2C00C078A7 /* PBXContainerItemProxy */ = {
			isa = PBXContainerItemProxy;
			containerPortal = D651DEF02D21BB2900C078A7 /* Project object */;
			proxyType = 1;
			remoteGlobalIDString = D651DEF72D21BB2900C078A7;
			remoteInfo = NikolaosZoidis;
		};
/* End PBXContainerItemProxy section */

/* Begin PBXFileReference section */
		D651DEF82D21BB2900C078A7 /* NikolaosZoidis.app */ = {isa = PBXFileReference; explicitFileType = wrapper.application; includeInIndex = 0; path = NikolaosZoidis.app; sourceTree = BUILT_PRODUCTS_DIR; };
		D651DF082D21BB2C00C078A7 /* NikolaosZoidisTests.xctest */ = {isa = PBXFileReference; explicitFileType = wrapper.cfbundle; includeInIndex = 0; path = NikolaosZoidisTests.xctest; sourceTree = BUILT_PRODUCTS_DIR; };
		D651DF122D21BB2C00C078A7 /* NikolaosZoidisUITests.xctest */ = {isa = PBXFileReference; explicitFileType = wrapper.cfbundle; includeInIndex = 0; path = NikolaosZoidisUITests.xctest; sourceTree = BUILT_PRODUCTS_DIR; };
/* End PBXFileReference section */

/* Begin PBXFileSystemSynchronizedRootGroup section */
		D651DEFA2D21BB2900C078A7 /* NikolaosZoidis */ = {
			isa = PBXFileSystemSynchronizedRootGroup;
			path = NikolaosZoidis;
			sourceTree = "<group>";
		};
		D651DF0B2D21BB2C00C078A7 /* NikolaosZoidisTests */ = {
			isa = PBXFileSystemSynchronizedRootGroup;
			path = NikolaosZoidisTests;
			sourceTree = "<group>";
		};
		D651DF152D21BB2C00C078A7 /* NikolaosZoidisUITests */ = {
			isa = PBXFileSystemSynchronizedRootGroup;
			path = NikolaosZoidisUITests;
			sourceTree = "<group>";
		};
/* End PBXFileSystemSynchronizedRootGroup section */

/* Begin PBXFrameworksBuildPhase section */
		D651DEF52D21BB2900C078A7 /* Frameworks */ = {
			isa = PBXFrameworksBuildPhase;
			buildActionMask = 2147483647;
			files = (
			);
			runOnlyForDeploymentPostprocessing = 0;
		};
		D651DF052D21BB2C00C078A7 /* Frameworks */ = {
			isa = PBXFrameworksBuildPhase;
			buildActionMask = 2147483647;
			files = (
			);
			runOnlyForDeploymentPostprocessing = 0;
		};
		D651DF0F2D21BB2C00C078A7 /* Frameworks */ = {
			isa = PBXFrameworksBuildPhase;
			buildActionMask = 2147483647;
			files = (
			);
			runOnlyForDeploymentPostprocessing = 0;
		};
/* End PBXFrameworksBuildPhase section */

/* Begin PBXGroup section */
		D651DEEF2D21BB2900C078A7 = {
			isa = PBXGroup;
			children = (
				D651DEFA2D21BB2900C078A7 /* NikolaosZoidis */,
				D651DF0B2D21BB2C00C078A7 /* NikolaosZoidisTests */,
				D651DF152D21BB2C00C078A7 /* NikolaosZoidisUITests */,
				D651DEF92D21BB2900C078A7 /* Products */,
			);
			sourceTree = "<group>";
		};
		D651DEF92D21BB2900C078A7 /* Products */ = {
			isa = PBXGroup;
			children = (
				D651DEF82D21BB2900C078A7 /* NikolaosZoidis.app */,
				D651DF082D21BB2C00C078A7 /* NikolaosZoidisTests.xctest */,
				D651DF122D21BB2C00C078A7 /* NikolaosZoidisUITests.xctest */,
			);
			name = Products;
			sourceTree = "<group>";
		};
/* End PBXGroup section */

/* Begin PBXNativeTarget section */
		D651DEF72D21BB2900C078A7 /* NikolaosZoidis */ = {
			isa = PBXNativeTarget;
			buildConfigurationList = D651DF1C2D21BB2C00C078A7 /* Build configuration list for PBXNativeTarget "NikolaosZoidis" */;
			buildPhases = (
				D651DEF42D21BB2900C078A7 /* Sources */,
				D651DEF52D21BB2900C078A7 /* Frameworks */,
				D651DEF62D21BB2900C078A7 /* Resources */,
			);
			buildRules = (
			);
			dependencies = (
			);
			fileSystemSynchronizedGroups = (
				D651DEFA2D21BB2900C078A7 /* NikolaosZoidis */,
			);
			name = NikolaosZoidis;
			packageProductDependencies = (
			);
			productName = NikolaosZoidis;
			productReference = D651DEF82D21BB2900C078A7 /* NikolaosZoidis.app */;
			productType = "com.apple.product-type.application";
		};
		D651DF072D21BB2C00C078A7 /* NikolaosZoidisTests */ = {
			isa = PBXNativeTarget;
			buildConfigurationList = D651DF1F2D21BB2C00C078A7 /* Build configuration list for PBXNativeTarget "NikolaosZoidisTests" */;
			buildPhases = (
				D651DF042D21BB2C00C078A7 /* Sources */,
				D651DF052D21BB2C00C078A7 /* Frameworks */,
				D651DF062D21BB2C00C078A7 /* Resources */,
			);
			buildRules = (
			);
			dependencies = (
				D651DF0A2D21BB2C00C078A7 /* PBXTargetDependency */,
			);
			fileSystemSynchronizedGroups = (
				D651DF0B2D21BB2C00C078A7 /* NikolaosZoidisTests */,
			);
			name = NikolaosZoidisTests;
			packageProductDependencies = (
			);
			productName = NikolaosZoidisTests;
			productReference = D651DF082D21BB2C00C078A7 /* NikolaosZoidisTests.xctest */;
			productType = "com.apple.product-type.bundle.unit-test";
		};
		D651DF112D21BB2C00C078A7 /* NikolaosZoidisUITests */ = {
			isa = PBXNativeTarget;
			buildConfigurationList = D651DF222D21BB2C00C078A7 /* Build configuration list for PBXNativeTarget "NikolaosZoidisUITests" */;
			buildPhases = (
				D651DF0E2D21BB2C00C078A7 /* Sources */,
				D651DF0F2D21BB2C00C078A7 /* Frameworks */,
				D651DF102D21BB2C00C078A7 /* Resources */,
			);
			buildRules = (
			);
			dependencies = (
				D651DF142D21BB2C00C078A7 /* PBXTargetDependency */,
			);
			fileSystemSynchronizedGroups = (
				D651DF152D21BB2C00C078A7 /* NikolaosZoidisUITests */,
			);
			name = NikolaosZoidisUITests;
			packageProductDependencies = (
			);
			productName = NikolaosZoidisUITests;
			productReference = D651DF122D21BB2C00C078A7 /* NikolaosZoidisUITests.xctest */;
			productType = "com.apple.product-type.bundle.ui-testing";
		};
/* End PBXNativeTarget section */

/* Begin PBXProject section */
		D651DEF02D21BB2900C078A7 /* Project object */ = {
			isa = PBXProject;
			attributes = {
				BuildIndependentTargetsInParallel = 1;
				LastSwiftUpdateCheck = 1620;
				LastUpgradeCheck = 1620;
				TargetAttributes = {
					D651DEF72D21BB2900C078A7 = {
						CreatedOnToolsVersion = 16.2;
					};
					D651DF072D21BB2C00C078A7 = {
						CreatedOnToolsVersion = 16.2;
						TestTargetID = D651DEF72D21BB2900C078A7;
					};
					D651DF112D21BB2C00C078A7 = {
						CreatedOnToolsVersion = 16.2;
						TestTargetID = D651DEF72D21BB2900C078A7;
					};
				};
			};
			buildConfigurationList = D651DEF32D21BB2900C078A7 /* Build configuration list for PBXProject "NikolaosZoidis" */;
			developmentRegion = en;
			hasScannedForEncodings = 0;
			knownRegions = (
				en,
				Base,
			);
			mainGroup = D651DEEF2D21BB2900C078A7;
			minimizedProjectReferenceProxies = 1;
			preferredProjectObjectVersion = 77;
			productRefGroup = D651DEF92D21BB2900C078A7 /* Products */;
			projectDirPath = "";
			projectRoot = "";
			targets = (
				D651DEF72D21BB2900C078A7 /* NikolaosZoidis */,
				D651DF072D21BB2C00C078A7 /* NikolaosZoidisTests */,
				D651DF112D21BB2C00C078A7 /* NikolaosZoidisUITests */,
			);
		};
/* End PBXProject section */

/* Begin PBXResourcesBuildPhase section */
		D651DEF62D21BB2900C078A7 /* Resources */ = {
			isa = PBXResourcesBuildPhase;
			buildActionMask = 2147483647;
			files = (
			);
			runOnlyForDeploymentPostprocessing = 0;
		};
		D651DF062D21BB2C00C078A7 /* Resources */ = {
			isa = PBXResourcesBuildPhase;
			buildActionMask = 2147483647;
			files = (
			);
			runOnlyForDeploymentPostprocessing = 0;
		};
		D651DF102D21BB2C00C078A7 /* Resources */ = {
			isa = PBXResourcesBuildPhase;
			buildActionMask = 2147483647;
			files = (
			);
			runOnlyForDeploymentPostprocessing = 0;
		};
/* End PBXResourcesBuildPhase section */

/* Begin PBXSourcesBuildPhase section */
		D651DEF42D21BB2900C078A7 /* Sources */ = {
			isa = PBXSourcesBuildPhase;
			buildActionMask = 2147483647;
			files = (
			);
			runOnlyForDeploymentPostprocessing = 0;
		};
		D651DF042D21BB2C00C078A7 /* Sources */ = {
			isa = PBXSourcesBuildPhase;
			buildActionMask = 2147483647;
			files = (
			);
			runOnlyForDeploymentPostprocessing = 0;
		};
		D651DF0E2D21BB2C00C078A7 /* Sources */ = {
			isa = PBXSourcesBuildPhase;
			buildActionMask = 2147483647;
			files = (
			);
			runOnlyForDeploymentPostprocessing = 0;
		};
/* End PBXSourcesBuildPhase section */

/* Begin PBXTargetDependency section */
		D651DF0A2D21BB2C00C078A7 /* PBXTargetDependency */ = {
			isa = PBXTargetDependency;
			target = D651DEF72D21BB2900C078A7 /* NikolaosZoidis */;
			targetProxy = D651DF092D21BB2C00C078A7 /* PBXContainerItemProxy */;
		};
		D651DF142D21BB2C00C078A7 /* PBXTargetDependency */ = {
			isa = PBXTargetDependency;
			target = D651DEF72D21BB2900C078A7 /* NikolaosZoidis */;
			targetProxy = D651DF132D21BB2C00C078A7 /* PBXContainerItemProxy */;
		};
/* End PBXTargetDependency section */

/* Begin XCBuildConfiguration section */
		D651DF1A2D21BB2C00C078A7 /* Debug */ = {
			isa = XCBuildConfiguration;
			buildSettings = {
				ALWAYS_SEARCH_USER_PATHS = NO;
				ASSETCATALOG_COMPILER_GENERATE_SWIFT_ASSET_SYMBOL_EXTENSIONS = YES;
				CLANG_ANALYZER_NONNULL = YES;
				CLANG_ANALYZER_NUMBER_OBJECT_CONVERSION = YES_AGGRESSIVE;
				CLANG_CXX_LANGUAGE_STANDARD = "gnu++20";
				CLANG_ENABLE_MODULES = YES;
				CLANG_ENABLE_OBJC_ARC = YES;
				CLANG_ENABLE_OBJC_WEAK = YES;
				CLANG_WARN_BLOCK_CAPTURE_AUTORELEASING = YES;
				CLANG_WARN_BOOL_CONVERSION = YES;
				CLANG_WARN_COMMA = YES;
				CLANG_WARN_CONSTANT_CONVERSION = YES;
				CLANG_WARN_DEPRECATED_OBJC_IMPLEMENTATIONS = YES;
				CLANG_WARN_DIRECT_OBJC_ISA_USAGE = YES_ERROR;
				CLANG_WARN_DOCUMENTATION_COMMENTS = YES;
				CLANG_WARN_EMPTY_BODY = YES;
				CLANG_WARN_ENUM_CONVERSION = YES;
				CLANG_WARN_INFINITE_RECURSION = YES;
				CLANG_WARN_INT_CONVERSION = YES;
				CLANG_WARN_NON_LITERAL_NULL_CONVERSION = YES;
				CLANG_WARN_OBJC_IMPLICIT_RETAIN_SELF = YES;
				CLANG_WARN_OBJC_LITERAL_CONVERSION = YES;
				CLANG_WARN_OBJC_ROOT_CLASS = YES_ERROR;
				CLANG_WARN_QUOTED_INCLUDE_IN_FRAMEWORK_HEADER = YES;
				CLANG_WARN_RANGE_LOOP_ANALYSIS = YES;
				CLANG_WARN_STRICT_PROTOTYPES = YES;
				CLANG_WARN_SUSPICIOUS_MOVE = YES;
				CLANG_WARN_UNGUARDED_AVAILABILITY = YES_AGGRESSIVE;
				CLANG_WARN_UNREACHABLE_CODE = YES;
				CLANG_WARN__DUPLICATE_METHOD_MATCH = YES;
				COPY_PHASE_STRIP = NO;
				DEBUG_INFORMATION_FORMAT = dwarf;
				ENABLE_STRICT_OBJC_MSGSEND = YES;
				ENABLE_TESTABILITY = YES;
				ENABLE_USER_SCRIPT_SANDBOXING = YES;
				GCC_C_LANGUAGE_STANDARD = gnu17;
				GCC_DYNAMIC_NO_PIC = NO;
				GCC_NO_COMMON_BLOCKS = YES;
				GCC_OPTIMIZATION_LEVEL = 0;
				GCC_PREPROCESSOR_DEFINITIONS = (
					"DEBUG=1",
					"$(inherited)",
				);
				GCC_WARN_64_TO_32_BIT_CONVERSION = YES;
				GCC_WARN_ABOUT_RETURN_TYPE = YES_ERROR;
				GCC_WARN_UNDECLARED_SELECTOR = YES;
				GCC_WARN_UNINITIALIZED_AUTOS = YES_AGGRESSIVE;
				GCC_WARN_UNUSED_FUNCTION = YES;
				GCC_WARN_UNUSED_VARIABLE = YES;
				IPHONEOS_DEPLOYMENT_TARGET = 18.2;
				LOCALIZATION_PREFERS_STRING_CATALOGS = YES;
				MTL_ENABLE_DEBUG_INFO = INCLUDE_SOURCE;
				MTL_FAST_MATH = YES;
				ONLY_ACTIVE_ARCH = YES;
				SDKROOT = iphoneos;
				SWIFT_ACTIVE_COMPILATION_CONDITIONS = "DEBUG $(inherited)";
				SWIFT_OPTIMIZATION_LEVEL = "-Onone";
			};
			name = Debug;
		};
		D651DF1B2D21BB2C00C078A7 /* Release */ = {
			isa = XCBuildConfiguration;
			buildSettings = {
				ALWAYS_SEARCH_USER_PATHS = NO;
				ASSETCATALOG_COMPILER_GENERATE_SWIFT_ASSET_SYMBOL_EXTENSIONS = YES;
				CLANG_ANALYZER_NONNULL = YES;
				CLANG_ANALYZER_NUMBER_OBJECT_CONVERSION = YES_AGGRESSIVE;
				CLANG_CXX_LANGUAGE_STANDARD = "gnu++20";
				CLANG_ENABLE_MODULES = YES;
				CLANG_ENABLE_OBJC_ARC = YES;
				CLANG_ENABLE_OBJC_WEAK = YES;
				CLANG_WARN_BLOCK_CAPTURE_AUTORELEASING = YES;
				CLANG_WARN_BOOL_CONVERSION = YES;
				CLANG_WARN_COMMA = YES;
				CLANG_WARN_CONSTANT_CONVERSION = YES;
				CLANG_WARN_DEPRECATED_OBJC_IMPLEMENTATIONS = YES;
				CLANG_WARN_DIRECT_OBJC_ISA_USAGE = YES_ERROR;
				CLANG_WARN_DOCUMENTATION_COMMENTS = YES;
				CLANG_WARN_EMPTY_BODY = YES;
				CLANG_WARN_ENUM_CONVERSION = YES;
				CLANG_WARN_INFINITE_RECURSION = YES;
				CLANG_WARN_INT_CONVERSION = YES;
				CLANG_WARN_NON_LITERAL_NULL_CONVERSION = YES;
				CLANG_WARN_OBJC_IMPLICIT_RETAIN_SELF = YES;
				CLANG_WARN_OBJC_LITERAL_CONVERSION = YES;
				CLANG_WARN_OBJC_ROOT_CLASS = YES_ERROR;
				CLANG_WARN_QUOTED_INCLUDE_IN_FRAMEWORK_HEADER = YES;
				CLANG_WARN_RANGE_LOOP_ANALYSIS = YES;
				CLANG_WARN_STRICT_PROTOTYPES = YES;
				CLANG_WARN_SUSPICIOUS_MOVE = YES;
				CLANG_WARN_UNGUARDED_AVAILABILITY = YES_AGGRESSIVE;
				CLANG_WARN_UNREACHABLE_CODE = YES;
				CLANG_WARN__DUPLICATE_METHOD_MATCH = YES;
				COPY_PHASE_STRIP = NO;
				DEBUG_INFORMATION_FORMAT = "dwarf-with-dsym";
				ENABLE_NS_ASSERTIONS = NO;
				ENABLE_STRICT_OBJC_MSGSEND = YES;
				ENABLE_USER_SCRIPT_SANDBOXING = YES;
				GCC_C_LANGUAGE_STANDARD = gnu17;
				GCC_NO_COMMON_BLOCKS = YES;
				GCC_WARN_64_TO_32_BIT_CONVERSION = YES;
				GCC_WARN_ABOUT_RETURN_TYPE = YES_ERROR;
				GCC_WARN_UNDECLARED_SELECTOR = YES;
				GCC_WARN_UNINITIALIZED_AUTOS = YES_AGGRESSIVE;
				GCC_WARN_UNUSED_FUNCTION = YES;
				GCC_WARN_UNUSED_VARIABLE = YES;
				IPHONEOS_DEPLOYMENT_TARGET = 18.2;
				LOCALIZATION_PREFERS_STRING_CATALOGS = YES;
				MTL_ENABLE_DEBUG_INFO = NO;
				MTL_FAST_MATH = YES;
				SDKROOT = iphoneos;
				SWIFT_COMPILATION_MODE = wholemodule;
				VALIDATE_PRODUCT = YES;
			};
			name = Release;
		};
		D651DF1D2D21BB2C00C078A7 /* Debug */ = {
			isa = XCBuildConfiguration;
			buildSettings = {
				ASSETCATALOG_COMPILER_APPICON_NAME = AppIcon;
				ASSETCATALOG_COMPILER_GLOBAL_ACCENT_COLOR_NAME = AccentColor;
				CODE_SIGN_STYLE = Automatic;
				CURRENT_PROJECT_VERSION = 1;
				DEVELOPMENT_ASSET_PATHS = "\"NikolaosZoidis/Preview Content\"";
				DEVELOPMENT_TEAM = K6LJCT8RAA;
				ENABLE_PREVIEWS = YES;
				GENERATE_INFOPLIST_FILE = YES;
				INFOPLIST_KEY_UIApplicationSceneManifest_Generation = YES;
				INFOPLIST_KEY_UIApplicationSupportsIndirectInputEvents = YES;
				INFOPLIST_KEY_UILaunchScreen_Generation = YES;
				INFOPLIST_KEY_UILaunchStoryboardName = LaunchScreen;
				INFOPLIST_KEY_UISupportedInterfaceOrientations_iPad = "UIInterfaceOrientationPortrait UIInterfaceOrientationPortraitUpsideDown UIInterfaceOrientationLandscapeLeft UIInterfaceOrientationLandscapeRight";
				INFOPLIST_KEY_UISupportedInterfaceOrientations_iPhone = "UIInterfaceOrientationPortrait UIInterfaceOrientationLandscapeLeft UIInterfaceOrientationLandscapeRight";
				LD_RUNPATH_SEARCH_PATHS = (
					"$(inherited)",
					"@executable_path/Frameworks",
				);
				MARKETING_VERSION = 1.0;
				PRODUCT_BUNDLE_IDENTIFIER = com.template.NikolaosZoidis;
				PRODUCT_NAME = "$(TARGET_NAME)";
				SWIFT_EMIT_LOC_STRINGS = YES;
				SWIFT_VERSION = 5.0;
				TARGETED_DEVICE_FAMILY = "1,2";
			};
			name = Debug;
		};
		D651DF1E2D21BB2C00C078A7 /* Release */ = {
			isa = XCBuildConfiguration;
			buildSettings = {
				ASSETCATALOG_COMPILER_APPICON_NAME = AppIcon;
				ASSETCATALOG_COMPILER_GLOBAL_ACCENT_COLOR_NAME = AccentColor;
				CODE_SIGN_STYLE = Automatic;
				CURRENT_PROJECT_VERSION = 1;
				DEVELOPMENT_ASSET_PATHS = "\"NikolaosZoidis/Preview Content\"";
				DEVELOPMENT_TEAM = K6LJCT8RAA;
				ENABLE_PREVIEWS = YES;
				GENERATE_INFOPLIST_FILE = YES;
				INFOPLIST_KEY_UIApplicationSceneManifest_Generation = YES;
				INFOPLIST_KEY_UIApplicationSupportsIndirectInputEvents = YES;
				INFOPLIST_KEY_UILaunchScreen_Generation = YES;
				INFOPLIST_KEY_UILaunchStoryboardName = LaunchScreen;
				INFOPLIST_KEY_UISupportedInterfaceOrientations_iPad = "UIInterfaceOrientationPortrait UIInterfaceOrientationPortraitUpsideDown UIInterfaceOrientationLandscapeLeft UIInterfaceOrientationLandscapeRight";
				INFOPLIST_KEY_UISupportedInterfaceOrientations_iPhone = "UIInterfaceOrientationPortrait UIInterfaceOrientationLandscapeLeft UIInterfaceOrientationLandscapeRight";
				LD_RUNPATH_SEARCH_PATHS = (
					"$(inherited)",
					"@executable_path/Frameworks",
				);
				MARKETING_VERSION = 1.0;
				PRODUCT_BUNDLE_IDENTIFIER = com.template.NikolaosZoidis;
				PRODUCT_NAME = "$(TARGET_NAME)";
				SWIFT_EMIT_LOC_STRINGS = YES;
				SWIFT_VERSION = 5.0;
				TARGETED_DEVICE_FAMILY = "1,2";
			};
			name = Release;
		};
		D651DF202D21BB2C00C078A7 /* Debug */ = {
			isa = XCBuildConfiguration;
			buildSettings = {
				BUNDLE_LOADER = "$(TEST_HOST)";
				CODE_SIGN_STYLE = Automatic;
				CURRENT_PROJECT_VERSION = 1;
				DEVELOPMENT_TEAM = K6LJCT8RAA;
				GENERATE_INFOPLIST_FILE = YES;
				IPHONEOS_DEPLOYMENT_TARGET = 18.2;
				MARKETING_VERSION = 1.0;
				PRODUCT_BUNDLE_IDENTIFIER = com.template.NikolaosZoidisTests;
				PRODUCT_NAME = "$(TARGET_NAME)";
				SWIFT_EMIT_LOC_STRINGS = NO;
				SWIFT_VERSION = 5.0;
				TARGETED_DEVICE_FAMILY = "1,2";
				TEST_HOST = "$(BUILT_PRODUCTS_DIR)/NikolaosZoidis.app/$(BUNDLE_EXECUTABLE_FOLDER_PATH)/NikolaosZoidis";
			};
			name = Debug;
		};
		D651DF212D21BB2C00C078A7 /* Release */ = {
			isa = XCBuildConfiguration;
			buildSettings = {
				BUNDLE_LOADER = "$(TEST_HOST)";
				CODE_SIGN_STYLE = Automatic;
				CURRENT_PROJECT_VERSION = 1;
				DEVELOPMENT_TEAM = K6LJCT8RAA;
				GENERATE_INFOPLIST_FILE = YES;
				IPHONEOS_DEPLOYMENT_TARGET = 18.2;
				MARKETING_VERSION = 1.0;
				PRODUCT_BUNDLE_IDENTIFIER = com.template.NikolaosZoidisTests;
				PRODUCT_NAME = "$(TARGET_NAME)";
				SWIFT_EMIT_LOC_STRINGS = NO;
				SWIFT_VERSION = 5.0;
				TARGETED_DEVICE_FAMILY = "1,2";
				TEST_HOST = "$(BUILT_PRODUCTS_DIR)/NikolaosZoidis.app/$(BUNDLE_EXECUTABLE_FOLDER_PATH)/NikolaosZoidis";
			};
			name = Release;
		};
		D651DF232D21BB2C00C078A7 /* Debug */ = {
			isa = XCBuildConfiguration;
			buildSettings = {
				CODE_SIGN_STYLE = Automatic;
				CURRENT_PROJECT_VERSION = 1;
				DEVELOPMENT_TEAM = K6LJCT8RAA;
				GENERATE_INFOPLIST_FILE = YES;
				MARKETING_VERSION = 1.0;
				PRODUCT_BUNDLE_IDENTIFIER = com.template.NikolaosZoidisUITests;
				PRODUCT_NAME = "$(TARGET_NAME)";
				SWIFT_EMIT_LOC_STRINGS = NO;
				SWIFT_VERSION = 5.0;
				TARGETED_DEVICE_FAMILY = "1,2";
				TEST_TARGET_NAME = NikolaosZoidis;
			};
			name = Debug;
		};
		D651DF242D21BB2C00C078A7 /* Release */ = {
			isa = XCBuildConfiguration;
			buildSettings = {
				CODE_SIGN_STYLE = Automatic;
				CURRENT_PROJECT_VERSION = 1;
				DEVELOPMENT_TEAM = K6LJCT8RAA;
				GENERATE_INFOPLIST_FILE = YES;
				MARKETING_VERSION = 1.0;
				PRODUCT_BUNDLE_IDENTIFIER = com.template.NikolaosZoidisUITests;
				PRODUCT_NAME = "$(TARGET_NAME)";
				SWIFT_EMIT_LOC_STRINGS = NO;
				SWIFT_VERSION = 5.0;
				TARGETED_DEVICE_FAMILY = "1,2";
				TEST_TARGET_NAME = NikolaosZoidis;
			};
			name = Release;
		};
/* End XCBuildConfiguration section */

/* Begin XCConfigurationList section */
		D651DEF32D21BB2900C078A7 /* Build configuration list for PBXProject "NikolaosZoidis" */ = {
			isa = XCConfigurationList;
			buildConfigurations = (
				D651DF1A2D21BB2C00C078A7 /* Debug */,
				D651DF1B2D21BB2C00C078A7 /* Release */,
			);
			defaultConfigurationIsVisible = 0;
			defaultConfigurationName = Release;
		};
		D651DF1C2D21BB2C00C078A7 /* Build configuration list for PBXNativeTarget "NikolaosZoidis" */ = {
			isa = XCConfigurationList;
			buildConfigurations = (
				D651DF1D2D21BB2C00C078A7 /* Debug */,
				D651DF1E2D21BB2C00C078A7 /* Release */,
			);
			defaultConfigurationIsVisible = 0;
			defaultConfigurationName = Release;
		};
		D651DF1F2D21BB2C00C078A7 /* Build configuration list for PBXNativeTarget "NikolaosZoidisTests" */ = {
			isa = XCConfigurationList;
			buildConfigurations = (
				D651DF202D21BB2C00C078A7 /* Debug */,
				D651DF212D21BB2C00C078A7 /* Release */,
			);
			defaultConfigurationIsVisible = 0;
			defaultConfigurationName = Release;
		};
		D651DF222D21BB2C00C078A7 /* Build configuration list for PBXNativeTarget "NikolaosZoidisUITests" */ = {
			isa = XCConfigurationList;
			buildConfigurations = (
				D651DF232D21BB2C00C078A7 /* Debug */,
				D651DF242D21BB2C00C078A7 /* Release */,
			);
			defaultConfigurationIsVisible = 0;
			defaultConfigurationName = Release;
		};
/* End XCConfigurationList section */
	};
	rootObject = D651DEF02D21BB2900C078A7 /* Project object */;
}
